
Microsoft Visual Studio Solution File, Format Version 12.00
# Visual Studio Version 17
VisualStudioVersion = 17.11.35219.272
MinimumVisualStudioVersion = 10.0.40219.1
Project("{888888A0-9F3D-457C-B088-3A5042F75D52}") = "Practica 04 - Arrelgos Multidimensionales-Recorrido de una Matriz NxM", "Practica 04 - Arrelgos Multidimensionales-Recorrido de una Matriz NxM\Practica 04 - Arrelgos Multidimensionales-Recorrido de una Matriz NxM.pyproj", "{9BA88A23-A7E0-4530-87D8-DED9FAEE5BD4}"
EndProject
Global
	GlobalSection(SolutionConfigurationPlatforms) = preSolution
		Debug|Any CPU = Debug|Any CPU
		Release|Any CPU = Release|Any CPU
	EndGlobalSection
	GlobalSection(ProjectConfigurationPlatforms) = postSolution
		{9BA88A23-A7E0-4530-87D8-DED9FAEE5BD4}.Debug|Any CPU.ActiveCfg = Debug|Any CPU
		{9BA88A23-A7E0-4530-87D8-DED9FAEE5BD4}.Release|Any CPU.ActiveCfg = Release|Any CPU
	EndGlobalSection
	GlobalSection(SolutionProperties) = preSolution
		HideSolutionNode = FALSE
	EndGlobalSection
	GlobalSection(ExtensibilityGlobals) = postSolution
		SolutionGuid = {E7F65531-FF1E-4065-8F81-18A483CACC69}
	EndGlobalSection
EndGlobal
